
Microsoft Visual Studio Solution File, Format Version 12.00
# Visual Studio Version 16
VisualStudioVersion = 16.0.30517.126
MinimumVisualStudioVersion = 10.0.40219.1
Project("{FAE04EC0-301F-11D3-BF4B-00C04F79EFBC}") = "WebAPI_Project", "WebAPI_Project\WebAPI_Project.csproj", "{3E939917-C192-40BB-ADCF-68EFBC6A345B}"
EndProject
Global
	GlobalSection(SolutionConfigurationPlatforms) = preSolution
		Debug|Any CPU = Debug|Any CPU
		Release|Any CPU = Release|Any CPU
	EndGlobalSection
	GlobalSection(ProjectConfigurationPlatforms) = postSolution
		{3E939917-C192-40BB-ADCF-68EFBC6A345B}.Debug|Any CPU.ActiveCfg = Debug|Any CPU
		{3E939917-C192-40BB-ADCF-68EFBC6A345B}.Debug|Any CPU.Build.0 = Debug|Any CPU
		{3E939917-C192-40BB-ADCF-68EFBC6A345B}.Release|Any CPU.ActiveCfg = Release|Any CPU
		{3E939917-C192-40BB-ADCF-68EFBC6A345B}.Release|Any CPU.Build.0 = Release|Any CPU
	EndGlobalSection
	GlobalSection(SolutionProperties) = preSolution
		HideSolutionNode = FALSE
	EndGlobalSection
	GlobalSection(ExtensibilityGlobals) = postSolution
		SolutionGuid = {6E9EF67A-E4F6-47AA-A868-ED3F03005165}
	EndGlobalSection
EndGlobal
